PODS:
  - ACSegmentView (1.0.2):
    - RxCocoa (~> 4.3.1)
    - RxSwift (~> 4.3.1)
  - RxCocoa (4.3.1):
    - RxSwift (~> 4.0)
  - RxSwift (4.3.1)

DEPENDENCIES:
  - ACSegmentView (from `../`)

SPEC REPOS:
  https://github.com/cocoapods/specs.git:
    - RxCocoa
    - RxSwift

EXTERNAL SOURCES:
  ACSegmentView:
    :path: "../"

SPEC CHECKSUMS:
  ACSegmentView: 9cebe3105e6a008ce9a4159d8bd8b76099d6be5d
  RxCocoa: 78763c7b07d02455598d9fc3c1ad091a28b73635
  RxSwift: fe0fd770a43acdb7d0a53da411c9b892e69bb6e4

PODFILE CHECKSUM: 70d142ce58d0bed6ddbc1b539d7f24e149a0e0ef

COCOAPODS: 1.5.3
